// !$*UTF8*$!
{
	archiveVersion = 1;
	classes = {
	};
	objectVersion = 77;
	objects = {

/* Begin PBXBuildFile section */
		A10000000000000000000B11 /* PFWidgets.appex in Embed Foundation Extensions */ = {isa = PBXBuildFile; fileRef = A10000000000000000000205 /* PFWidgets.appex */; settings = {ATTRIBUTES = (RemoveHeadersOnCopy, ); }; };
/* End PBXBuildFile section */

/* Begin PBXContainerItemProxy section */
		A10000000000000000000301 /* PBXContainerItemProxy */ = {
			isa = PBXContainerItemProxy;
			containerPortal = A10000000000000000000001 /* Project object */;
			proxyType = 1;
			remoteGlobalIDString = A10000000000000000000101;
			remoteInfo = PFTerminal;
		};
		A10000000000000000000302 /* PBXContainerItemProxy */ = {
			isa = PBXContainerItemProxy;
			containerPortal = A10000000000000000000001 /* Project object */;
			proxyType = 1;
			remoteGlobalIDString = A10000000000000000000101;
			remoteInfo = PFTerminal;
		};
		A10000000000000000000303 /* PBXContainerItemProxy */ = {
			isa = PBXContainerItemProxy;
			containerPortal = A10000000000000000000001 /* Project object */;
			proxyType = 1;
			remoteGlobalIDString = A10000000000000000000104;
			remoteInfo = PFWidgets;
		};
/* End PBXContainerItemProxy section */

/* Begin PBXCopyFilesBuildPhase section */
		A100000000000000000007A1 /* Embed Foundation Extensions */ = {
			isa = PBXCopyFilesBuildPhase;
			buildActionMask = 2147483647;
			dstPath = "";
			dstSubfolderSpec = 13;
			files = (
				A10000000000000000000B11 /* PFWidgets.appex in Embed Foundation Extensions */,
			);
			name = "Embed Foundation Extensions";
			runOnlyForDeploymentPostprocessing = 0;
		};
/* End PBXCopyFilesBuildPhase section */

/* Begin PBXFileReference section */
		A10000000000000000000201 /* PF Terminal.app */ = {isa = PBXFileReference; explicitFileType = wrapper.application; includeInIndex = 0; path = "PF Terminal.app"; sourceTree = BUILT_PRODUCTS_DIR; };
		A10000000000000000000202 /* PFTerminalTests.xctest */ = {isa = PBXFileReference; explicitFileType = wrapper.cfbundle; includeInIndex = 0; path = PFTerminalTests.xctest; sourceTree = BUILT_PRODUCTS_DIR; };
		A10000000000000000000203 /* PFTerminalUITests.xctest */ = {isa = PBXFileReference; explicitFileType = wrapper.cfbundle; includeInIndex = 0; path = PFTerminalUITests.xctest; sourceTree = BUILT_PRODUCTS_DIR; };
		A10000000000000000000204 /* PFTerminal.entitlements */ = {isa = PBXFileReference; lastKnownFileType = text.plist.entitlements; path = PFTerminal.entitlements; sourceTree = "<group>"; };
		A10000000000000000000205 /* PFWidgets.appex */ = {isa = PBXFileReference; explicitFileType = "wrapper.app-extension"; includeInIndex = 0; path = PFWidgets.appex; sourceTree = BUILT_PRODUCTS_DIR; };
		A10000000000000000000206 /* PFWidgets.entitlements */ = {isa = PBXFileReference; lastKnownFileType = text.plist.entitlements; path = PFWidgets.entitlements; sourceTree = "<group>"; };
		A10000000000000000000207 /* PFWidgets-Info.plist */ = {isa = PBXFileReference; lastKnownFileType = text.plist.xml; path = "PFWidgets-Info.plist"; sourceTree = "<group>"; };
		A10000000000000000000208 /* PFTerminal-Info.plist */ = {isa = PBXFileReference; lastKnownFileType = text.plist.xml; path = "PFTerminal-Info.plist"; sourceTree = "<group>"; };
		A10000000000000000000209 /* Signing.xcconfig */ = {isa = PBXFileReference; lastKnownFileType = text.xcconfig; path = Signing.xcconfig; sourceTree = "<group>"; };
/* End PBXFileReference section */

/* Begin PBXFileSystemSynchronizedRootGroup section */
		A10000000000000000000401 /* PFTerminal */ = {
			isa = PBXFileSystemSynchronizedRootGroup;
			path = PFTerminal;
			sourceTree = "<group>";
		};
		A10000000000000000000402 /* PFTerminalTests */ = {
			isa = PBXFileSystemSynchronizedRootGroup;
			path = PFTerminalTests;
			sourceTree = "<group>";
		};
		A10000000000000000000403 /* PFTerminalUITests */ = {
			isa = PBXFileSystemSynchronizedRootGroup;
			path = PFTerminalUITests;
			sourceTree = "<group>";
		};
		A10000000000000000000405 /* Shared */ = {
			isa = PBXFileSystemSynchronizedRootGroup;
			path = Shared;
			sourceTree = "<group>";
		};
		A10000000000000000000407 /* PFCore */ = {
			isa = PBXFileSystemSynchronizedRootGroup;
			path = PFCore;
			sourceTree = "<group>";
		};
		A10000000000000000000406 /* PFWidgets */ = {
			isa = PBXFileSystemSynchronizedRootGroup;
			path = PFWidgets;
			sourceTree = "<group>";
		};
/* End PBXFileSystemSynchronizedRootGroup section */

/* Begin PBXFrameworksBuildPhase section */
		A10000000000000000000501 /* Frameworks */ = {
			isa = PBXFrameworksBuildPhase;
			buildActionMask = 2147483647;
			files = (
			);
			runOnlyForDeploymentPostprocessing = 0;
		};
		A10000000000000000000502 /* Frameworks */ = {
			isa = PBXFrameworksBuildPhase;
			buildActionMask = 2147483647;
			files = (
			);
			runOnlyForDeploymentPostprocessing = 0;
		};
		A10000000000000000000503 /* Frameworks */ = {
			isa = PBXFrameworksBuildPhase;
			buildActionMask = 2147483647;
			files = (
			);
			runOnlyForDeploymentPostprocessing = 0;
		};
		A10000000000000000000504 /* Frameworks */ = {
			isa = PBXFrameworksBuildPhase;
			buildActionMask = 2147483647;
			files = (
			);
			runOnlyForDeploymentPostprocessing = 0;
		};
/* End PBXFrameworksBuildPhase section */

/* Begin PBXGroup section */
		A10000000000000000000601 = {
			isa = PBXGroup;
			children = (
				A10000000000000000000401 /* PFTerminal */,
				A10000000000000000000407 /* PFCore */,
				A10000000000000000000405 /* Shared */,
				A10000000000000000000406 /* PFWidgets */,
				A10000000000000000000402 /* PFTerminalTests */,
				A10000000000000000000403 /* PFTerminalUITests */,
				A10000000000000000000603 /* Config */,
				A10000000000000000000602 /* Products */,
			);
			sourceTree = "<group>";
		};
		A10000000000000000000602 /* Products */ = {
			isa = PBXGroup;
			children = (
				A10000000000000000000201 /* PF Terminal.app */,
				A10000000000000000000202 /* PFTerminalTests.xctest */,
				A10000000000000000000203 /* PFTerminalUITests.xctest */,
				A10000000000000000000205 /* PFWidgets.appex */,
			);
			name = Products;
			sourceTree = "<group>";
		};
		A10000000000000000000603 /* Config */ = {
			isa = PBXGroup;
			children = (
				A10000000000000000000204 /* PFTerminal.entitlements */,
				A10000000000000000000208 /* PFTerminal-Info.plist */,
				A10000000000000000000206 /* PFWidgets.entitlements */,
				A10000000000000000000207 /* PFWidgets-Info.plist */,
				A10000000000000000000209 /* Signing.xcconfig */,
			);
			path = Config;
			sourceTree = "<group>";
		};
/* End PBXGroup section */

/* Begin PBXNativeTarget section */
		A10000000000000000000101 /* PFTerminal */ = {
			isa = PBXNativeTarget;
			buildConfigurationList = A10000000000000000000802 /* Build configuration list for PBXNativeTarget "PFTerminal" */;
			buildPhases = (
				A10000000000000000000701 /* Sources */,
				A10000000000000000000501 /* Frameworks */,
				A10000000000000000000711 /* Resources */,
				A100000000000000000007A1 /* Embed Foundation Extensions */,
			);
			buildRules = (
			);
			dependencies = (
				A10000000000000000000903 /* PBXTargetDependency */,
			);
			fileSystemSynchronizedGroups = (
				A10000000000000000000401 /* PFTerminal */,
				A10000000000000000000407 /* PFCore */,
				A10000000000000000000405 /* Shared */,
			);
			name = PFTerminal;
			productName = PFTerminal;
			productReference = A10000000000000000000201 /* PF Terminal.app */;
			productType = "com.apple.product-type.application";
		};
		A10000000000000000000102 /* PFTerminalTests */ = {
			isa = PBXNativeTarget;
			buildConfigurationList = A10000000000000000000803 /* Build configuration list for PBXNativeTarget "PFTerminalTests" */;
			buildPhases = (
				A10000000000000000000702 /* Sources */,
				A10000000000000000000502 /* Frameworks */,
				A10000000000000000000712 /* Resources */,
			);
			buildRules = (
			);
			dependencies = (
				A10000000000000000000901 /* PBXTargetDependency */,
			);
			fileSystemSynchronizedGroups = (
				A10000000000000000000402 /* PFTerminalTests */,
			);
			name = PFTerminalTests;
			productName = PFTerminalTests;
			productReference = A10000000000000000000202 /* PFTerminalTests.xctest */;
			productType = "com.apple.product-type.bundle.unit-test";
		};
		A10000000000000000000103 /* PFTerminalUITests */ = {
			isa = PBXNativeTarget;
			buildConfigurationList = A10000000000000000000804 /* Build configuration list for PBXNativeTarget "PFTerminalUITests" */;
			buildPhases = (
				A10000000000000000000703 /* Sources */,
				A10000000000000000000503 /* Frameworks */,
				A10000000000000000000713 /* Resources */,
			);
			buildRules = (
			);
			dependencies = (
				A10000000000000000000902 /* PBXTargetDependency */,
			);
			fileSystemSynchronizedGroups = (
				A10000000000000000000403 /* PFTerminalUITests */,
			);
			name = PFTerminalUITests;
			productName = PFTerminalUITests;
			productReference = A10000000000000000000203 /* PFTerminalUITests.xctest */;
			productType = "com.apple.product-type.bundle.ui-testing";
		};
		A10000000000000000000104 /* PFWidgets */ = {
			isa = PBXNativeTarget;
			buildConfigurationList = A10000000000000000000805 /* Build configuration list for PBXNativeTarget "PFWidgets" */;
			buildPhases = (
				A10000000000000000000704 /* Sources */,
				A10000000000000000000504 /* Frameworks */,
				A10000000000000000000714 /* Resources */,
			);
			buildRules = (
			);
			dependencies = (
			);
			fileSystemSynchronizedGroups = (
				A10000000000000000000406 /* PFWidgets */,
				A10000000000000000000405 /* Shared */,
			);
			name = PFWidgets;
			productName = PFWidgets;
			productReference = A10000000000000000000205 /* PFWidgets.appex */;
			productType = "com.apple.product-type.app-extension";
		};
/* End PBXNativeTarget section */

/* Begin PBXProject section */
		A10000000000000000000001 /* Project object */ = {
			isa = PBXProject;
			attributes = {
				BuildIndependentTargetsInParallel = 1;
				LastSwiftUpdateCheck = 1600;
				LastUpgradeCheck = 1600;
				TargetAttributes = {
					A10000000000000000000101 = {
						CreatedOnToolsVersion = 16.0;
						SystemCapabilities = {
							com.apple.ApplicationGroups.Mac = {
								enabled = 1;
							};
							com.apple.Sandbox = {
								enabled = 1;
							};
							com.apple.iCloud = {
								enabled = 1;
							};
						};
					};
					A10000000000000000000102 = {
						CreatedOnToolsVersion = 16.0;
						TestTargetID = A10000000000000000000101;
					};
					A10000000000000000000103 = {
						CreatedOnToolsVersion = 16.0;
						TestTargetID = A10000000000000000000101;
					};
					A10000000000000000000104 = {
						CreatedOnToolsVersion = 16.0;
						SystemCapabilities = {
							com.apple.ApplicationGroups.Mac = {
								enabled = 1;
							};
							com.apple.Sandbox = {
								enabled = 1;
							};
						};
					};
				};
			};
			buildConfigurationList = A10000000000000000000801 /* Build configuration list for PBXProject "PFTerminal" */;
			developmentRegion = en;
			hasScannedForEncodings = 0;
			knownRegions = (
				en,
				Base,
			);
			mainGroup = A10000000000000000000601;
			minimizedProjectReferenceProxies = 1;
			preferredProjectObjectVersion = 77;
			productRefGroup = A10000000000000000000602 /* Products */;
			projectDirPath = "";
			projectRoot = "";
			targets = (
				A10000000000000000000101 /* PFTerminal */,
				A10000000000000000000102 /* PFTerminalTests */,
				A10000000000000000000103 /* PFTerminalUITests */,
				A10000000000000000000104 /* PFWidgets */,
			);
		};
/* End PBXProject section */

/* Begin PBXResourcesBuildPhase section */
		A10000000000000000000711 /* Resources */ = {
			isa = PBXResourcesBuildPhase;
			buildActionMask = 2147483647;
			files = (
			);
			runOnlyForDeploymentPostprocessing = 0;
		};
		A10000000000000000000712 /* Resources */ = {
			isa = PBXResourcesBuildPhase;
			buildActionMask = 2147483647;
			files = (
			);
			runOnlyForDeploymentPostprocessing = 0;
		};
		A10000000000000000000713 /* Resources */ = {
			isa = PBXResourcesBuildPhase;
			buildActionMask = 2147483647;
			files = (
			);
			runOnlyForDeploymentPostprocessing = 0;
		};
		A10000000000000000000714 /* Resources */ = {
			isa = PBXResourcesBuildPhase;
			buildActionMask = 2147483647;
			files = (
			);
			runOnlyForDeploymentPostprocessing = 0;
		};
/* End PBXResourcesBuildPhase section */

/* Begin PBXSourcesBuildPhase section */
		A10000000000000000000701 /* Sources */ = {
			isa = PBXSourcesBuildPhase;
			buildActionMask = 2147483647;
			files = (
			);
			runOnlyForDeploymentPostprocessing = 0;
		};
		A10000000000000000000702 /* Sources */ = {
			isa = PBXSourcesBuildPhase;
			buildActionMask = 2147483647;
			files = (
			);
			runOnlyForDeploymentPostprocessing = 0;
		};
		A10000000000000000000703 /* Sources */ = {
			isa = PBXSourcesBuildPhase;
			buildActionMask = 2147483647;
			files = (
			);
			runOnlyForDeploymentPostprocessing = 0;
		};
		A10000000000000000000704 /* Sources */ = {
			isa = PBXSourcesBuildPhase;
			buildActionMask = 2147483647;
			files = (
			);
			runOnlyForDeploymentPostprocessing = 0;
		};
/* End PBXSourcesBuildPhase section */

/* Begin PBXTargetDependency section */
		A10000000000000000000901 /* PBXTargetDependency */ = {
			isa = PBXTargetDependency;
			target = A10000000000000000000101 /* PFTerminal */;
			targetProxy = A10000000000000000000301 /* PBXContainerItemProxy */;
		};
		A10000000000000000000902 /* PBXTargetDependency */ = {
			isa = PBXTargetDependency;
			target = A10000000000000000000101 /* PFTerminal */;
			targetProxy = A10000000000000000000302 /* PBXContainerItemProxy */;
		};
		A10000000000000000000903 /* PBXTargetDependency */ = {
			isa = PBXTargetDependency;
			target = A10000000000000000000104 /* PFWidgets */;
			targetProxy = A10000000000000000000303 /* PBXContainerItemProxy */;
		};
/* End PBXTargetDependency section */

/* Begin XCBuildConfiguration section */
		A10000000000000000000A01 /* Debug */ = {
			isa = XCBuildConfiguration;
			baseConfigurationReference = A10000000000000000000209 /* Signing.xcconfig */;
			buildSettings = {
				ALWAYS_SEARCH_USER_PATHS = NO;
				ASSETCATALOG_COMPILER_GENERATE_SWIFT_ASSET_SYMBOL_EXTENSIONS = YES;
				CLANG_ENABLE_MODULES = YES;
				CLANG_ENABLE_OBJC_ARC = YES;
				COPY_PHASE_STRIP = NO;
				DEBUG_INFORMATION_FORMAT = dwarf;
				ENABLE_STRICT_OBJC_MSGSEND = YES;
				ENABLE_TESTABILITY = YES;
				ENABLE_USER_SCRIPT_SANDBOXING = YES;
				GCC_OPTIMIZATION_LEVEL = 0;
				GCC_PREPROCESSOR_DEFINITIONS = (
					"DEBUG=1",
					"$(inherited)",
				);
				MACOSX_DEPLOYMENT_TARGET = 14.0;
				MTL_ENABLE_DEBUG_INFO = INCLUDE_SOURCE;
				ONLY_ACTIVE_ARCH = YES;
				SDKROOT = macosx;
				SWIFT_ACTIVE_COMPILATION_CONDITIONS = "DEBUG $(inherited)";
				SWIFT_OPTIMIZATION_LEVEL = "-Onone";
				SWIFT_VERSION = 5.0;
			};
			name = Debug;
		};
		A10000000000000000000A02 /* Release */ = {
			isa = XCBuildConfiguration;
			baseConfigurationReference = A10000000000000000000209 /* Signing.xcconfig */;
			buildSettings = {
				ALWAYS_SEARCH_USER_PATHS = NO;
				ASSETCATALOG_COMPILER_GENERATE_SWIFT_ASSET_SYMBOL_EXTENSIONS = YES;
				CLANG_ENABLE_MODULES = YES;
				CLANG_ENABLE_OBJC_ARC = YES;
				COPY_PHASE_STRIP = NO;
				DEBUG_INFORMATION_FORMAT = "dwarf-with-dsym";
				ENABLE_NS_ASSERTIONS = NO;
				ENABLE_STRICT_OBJC_MSGSEND = YES;
				ENABLE_USER_SCRIPT_SANDBOXING = YES;
				MACOSX_DEPLOYMENT_TARGET = 14.0;
				SDKROOT = macosx;
				SWIFT_COMPILATION_MODE = wholemodule;
				SWIFT_VERSION = 5.0;
			};
			name = Release;
		};
		A10000000000000000000B01 /* Debug */ = {
			isa = XCBuildConfiguration;
			buildSettings = {
				ASSETCATALOG_COMPILER_APPICON_NAME = AppIcon;
				CODE_SIGN_ENTITLEMENTS = "$(PF_APP_ENTITLEMENTS)";
				COMBINE_HIDPI_IMAGES = YES;
				CURRENT_PROJECT_VERSION = 2;
				ENABLE_HARDENED_RUNTIME = YES;
				GENERATE_INFOPLIST_FILE = YES;
				INFOPLIST_FILE = "Config/PFTerminal-Info.plist";
				INFOPLIST_KEY_CFBundleDisplayName = "PF Terminal";
				INFOPLIST_KEY_LSApplicationCategoryType = "public.app-category.finance";
				INFOPLIST_KEY_NSHumanReadableCopyright = "MIT License";
				LD_RUNPATH_SEARCH_PATHS = (
					"$(inherited)",
					"@executable_path/../Frameworks",
				);
				MARKETING_VERSION = 0.4.1;
				PRODUCT_BUNDLE_IDENTIFIER = "$(PF_BUNDLE_ID)";
				PRODUCT_NAME = "PF Terminal";
				PRODUCT_MODULE_NAME = PFTerminal;
				SWIFT_EMIT_LOC_STRINGS = NO;
			};
			name = Debug;
		};
		A10000000000000000000B02 /* Release */ = {
			isa = XCBuildConfiguration;
			buildSettings = {
				ASSETCATALOG_COMPILER_APPICON_NAME = AppIcon;
				CODE_SIGN_ENTITLEMENTS = "$(PF_APP_ENTITLEMENTS)";
				COMBINE_HIDPI_IMAGES = YES;
				CURRENT_PROJECT_VERSION = 2;
				ENABLE_HARDENED_RUNTIME = YES;
				GENERATE_INFOPLIST_FILE = YES;
				INFOPLIST_FILE = "Config/PFTerminal-Info.plist";
				INFOPLIST_KEY_CFBundleDisplayName = "PF Terminal";
				INFOPLIST_KEY_LSApplicationCategoryType = "public.app-category.finance";
				INFOPLIST_KEY_NSHumanReadableCopyright = "MIT License";
				LD_RUNPATH_SEARCH_PATHS = (
					"$(inherited)",
					"@executable_path/../Frameworks",
				);
				MARKETING_VERSION = 0.4.1;
				PRODUCT_BUNDLE_IDENTIFIER = "$(PF_BUNDLE_ID)";
				PRODUCT_NAME = "PF Terminal";
				PRODUCT_MODULE_NAME = PFTerminal;
				SWIFT_EMIT_LOC_STRINGS = NO;
			};
			name = Release;
		};
		A10000000000000000000C01 /* Debug */ = {
			isa = XCBuildConfiguration;
			buildSettings = {
				BUNDLE_LOADER = "$(TEST_HOST)";
				GENERATE_INFOPLIST_FILE = YES;
				PRODUCT_BUNDLE_IDENTIFIER = "$(PF_BUNDLE_ID).tests";
				PRODUCT_NAME = "$(TARGET_NAME)";
				SWIFT_EMIT_LOC_STRINGS = NO;
				TEST_HOST = "$(BUILT_PRODUCTS_DIR)/PF Terminal.app/Contents/MacOS/PF Terminal";
			};
			name = Debug;
		};
		A10000000000000000000C02 /* Release */ = {
			isa = XCBuildConfiguration;
			buildSettings = {
				BUNDLE_LOADER = "$(TEST_HOST)";
				GENERATE_INFOPLIST_FILE = YES;
				PRODUCT_BUNDLE_IDENTIFIER = "$(PF_BUNDLE_ID).tests";
				PRODUCT_NAME = "$(TARGET_NAME)";
				SWIFT_EMIT_LOC_STRINGS = NO;
				TEST_HOST = "$(BUILT_PRODUCTS_DIR)/PF Terminal.app/Contents/MacOS/PF Terminal";
			};
			name = Release;
		};
		A10000000000000000000D01 /* Debug */ = {
			isa = XCBuildConfiguration;
			buildSettings = {
				GENERATE_INFOPLIST_FILE = YES;
				PRODUCT_BUNDLE_IDENTIFIER = "$(PF_BUNDLE_ID).uitests";
				PRODUCT_NAME = "$(TARGET_NAME)";
				SWIFT_EMIT_LOC_STRINGS = NO;
				TEST_TARGET_NAME = PFTerminal;
			};
			name = Debug;
		};
		A10000000000000000000D02 /* Release */ = {
			isa = XCBuildConfiguration;
			buildSettings = {
				GENERATE_INFOPLIST_FILE = YES;
				PRODUCT_BUNDLE_IDENTIFIER = "$(PF_BUNDLE_ID).uitests";
				PRODUCT_NAME = "$(TARGET_NAME)";
				SWIFT_EMIT_LOC_STRINGS = NO;
				TEST_TARGET_NAME = PFTerminal;
			};
			name = Release;
		};
		A10000000000000000000E01 /* Debug */ = {
			isa = XCBuildConfiguration;
			buildSettings = {
				CODE_SIGN_ENTITLEMENTS = "$(PF_WIDGETS_ENTITLEMENTS)";
				CURRENT_PROJECT_VERSION = 2;
				ENABLE_HARDENED_RUNTIME = YES;
				GENERATE_INFOPLIST_FILE = YES;
				INFOPLIST_FILE = "Config/PFWidgets-Info.plist";
				INFOPLIST_KEY_CFBundleDisplayName = "PF Terminal";
				INFOPLIST_KEY_NSHumanReadableCopyright = "MIT License";
				LD_RUNPATH_SEARCH_PATHS = (
					"$(inherited)",
					"@executable_path/../Frameworks",
					"@executable_path/../../../../Frameworks",
				);
				MARKETING_VERSION = 0.4.1;
				PRODUCT_BUNDLE_IDENTIFIER = "$(PF_WIDGETS_BUNDLE_ID)";
				PRODUCT_NAME = "$(TARGET_NAME)";
				SKIP_INSTALL = YES;
				SWIFT_EMIT_LOC_STRINGS = YES;
			};
			name = Debug;
		};
		A10000000000000000000E02 /* Release */ = {
			isa = XCBuildConfiguration;
			buildSettings = {
				CODE_SIGN_ENTITLEMENTS = "$(PF_WIDGETS_ENTITLEMENTS)";
				CURRENT_PROJECT_VERSION = 2;
				ENABLE_HARDENED_RUNTIME = YES;
				GENERATE_INFOPLIST_FILE = YES;
				INFOPLIST_FILE = "Config/PFWidgets-Info.plist";
				INFOPLIST_KEY_CFBundleDisplayName = "PF Terminal";
				INFOPLIST_KEY_NSHumanReadableCopyright = "MIT License";
				LD_RUNPATH_SEARCH_PATHS = (
					"$(inherited)",
					"@executable_path/../Frameworks",
					"@executable_path/../../../../Frameworks",
				);
				MARKETING_VERSION = 0.4.1;
				PRODUCT_BUNDLE_IDENTIFIER = "$(PF_WIDGETS_BUNDLE_ID)";
				PRODUCT_NAME = "$(TARGET_NAME)";
				SKIP_INSTALL = YES;
				SWIFT_EMIT_LOC_STRINGS = YES;
			};
			name = Release;
		};
/* End XCBuildConfiguration section */

/* Begin XCConfigurationList section */
		A10000000000000000000801 /* Build configuration list for PBXProject "PFTerminal" */ = {
			isa = XCConfigurationList;
			buildConfigurations = (
				A10000000000000000000A01 /* Debug */,
				A10000000000000000000A02 /* Release */,
			);
			defaultConfigurationIsVisible = 0;
			defaultConfigurationName = Release;
		};
		A10000000000000000000802 /* Build configuration list for PBXNativeTarget "PFTerminal" */ = {
			isa = XCConfigurationList;
			buildConfigurations = (
				A10000000000000000000B01 /* Debug */,
				A10000000000000000000B02 /* Release */,
			);
			defaultConfigurationIsVisible = 0;
			defaultConfigurationName = Release;
		};
		A10000000000000000000803 /* Build configuration list for PBXNativeTarget "PFTerminalTests" */ = {
			isa = XCConfigurationList;
			buildConfigurations = (
				A10000000000000000000C01 /* Debug */,
				A10000000000000000000C02 /* Release */,
			);
			defaultConfigurationIsVisible = 0;
			defaultConfigurationName = Release;
		};
		A10000000000000000000804 /* Build configuration list for PBXNativeTarget "PFTerminalUITests" */ = {
			isa = XCConfigurationList;
			buildConfigurations = (
				A10000000000000000000D01 /* Debug */,
				A10000000000000000000D02 /* Release */,
			);
			defaultConfigurationIsVisible = 0;
			defaultConfigurationName = Release;
		};
		A10000000000000000000805 /* Build configuration list for PBXNativeTarget "PFWidgets" */ = {
			isa = XCConfigurationList;
			buildConfigurations = (
				A10000000000000000000E01 /* Debug */,
				A10000000000000000000E02 /* Release */,
			);
			defaultConfigurationIsVisible = 0;
			defaultConfigurationName = Release;
		};
/* End XCConfigurationList section */
	};
	rootObject = A10000000000000000000001 /* Project object */;
}
